dependencies:
- name: postgresql
  repository: https://charts.helm.sh/stable
  version: 0.11.2
- name: kafka
  repository: https://charts.helm.sh/incubator
  version: 0.7.5
- name: redis
  repository: https://charts.helm.sh/stable
  version: 3.2.5
digest: sha256:45b9431abd76249d2075f409f6eef36e2055ecaf2f47ab44e0d394c5afcfcd19
generated: "2023-03-15T14:46:55.9517076+05:30"
